
Microsoft Visual Studio Solution File, Format Version 12.00
Project("{2150E333-8FDC-42A3-9474-1A3956D46DE8}") = "asset", "asset", "{5ABECF80-731C-4D4B-B7B2-47C5AAA9D2E1}"
EndProject
Project("{2150E333-8FDC-42A3-9474-1A3956D46DE8}") = "images", "images", "{E81D6DD2-6E9A-465D-B226-6A81875BE43B}"
ProjectSection(SolutionItems) = preProject
	asset\images\icon.back.png = asset\images\icon.back.png
	asset\images\icon.png = asset\images\icon.png
EndProjectSection
EndProject
Project("{2150E333-8FDC-42A3-9474-1A3956D46DE8}") = "props", "props", "{A539D4BF-AE4C-407F-B9FA-0271F6CCF0A4}"
ProjectSection(SolutionItems) = preProject
	asset\props\misc.props = asset\props\misc.props
	asset\props\package.props = asset\props\package.props
EndProjectSection
EndProject
Project("{2150E333-8FDC-42A3-9474-1A3956D46DE8}") = "build", "build", "{034E0D6E-05B3-4228-99E6-B278E81AFC6B}"
ProjectSection(SolutionItems) = preProject
	build\PublishBetaVersion_Script.bat = build\PublishBetaVersion_Script.bat
	build\PublishNightlyVersion_Script.bat = build\PublishNightlyVersion_Script.bat
	build\PublishReleaseVersion_Script.bat = build\PublishReleaseVersion_Script.bat
EndProjectSection
EndProject
Project("{2150E333-8FDC-42A3-9474-1A3956D46DE8}") = "docs", "docs", "{2D5B1D61-417B-4251-A9FC-C38470CD6B2E}"
ProjectSection(SolutionItems) = preProject
	README.md = README.md
EndProjectSection
EndProject
Project("{2150E333-8FDC-42A3-9474-1A3956D46DE8}") = "solution", "solution", "{D03280C5-1F5A-4916-8548-052B7FD3598B}"
ProjectSection(SolutionItems) = preProject
	.gitignore = .gitignore
	common.props = common.props
	common.tests.props = common.tests.props
	LICENSE = LICENSE
	logo.png = logo.png
EndProjectSection
EndProject
Project("{2150E333-8FDC-42A3-9474-1A3956D46DE8}") = "src", "src", "{662E6957-33CA-4FFA-80D3-A6A1D16D3E3F}"
EndProject
Project("{2150E333-8FDC-42A3-9474-1A3956D46DE8}") = "test", "test", "{088246B9-1B92-479C-8279-AF2F04EFA365}"
EndProject
Project("{FAE04EC0-301F-11D3-BF4B-00C04F79EFBC}") = "Cosmos.Prowess", "src\Cosmos.Prowess\Cosmos.Prowess.csproj", "{69F3664A-B67D-4B3F-9B2A-B7FCEDF52FEE}"
EndProject
Project("{FAE04EC0-301F-11D3-BF4B-00C04F79EFBC}") = "Cosmos.Test", "test\Cosmos.Test\Cosmos.Test.csproj", "{AC50EAE3-3A70-4EBD-8254-7AAD95522DCF}"
EndProject
Project("{FAE04EC0-301F-11D3-BF4B-00C04F79EFBC}") = "Cosmos.Extensions.Joiners", "src\Cosmos.Extensions.Joiners\Cosmos.Extensions.Joiners.csproj", "{E3F90AB8-3B87-42AE-815A-2F468601345B}"
EndProject
Project("{FAE04EC0-301F-11D3-BF4B-00C04F79EFBC}") = "Cosmos.Extensions.CharMatchers", "src\Cosmos.Extensions.CharMatchers\Cosmos.Extensions.CharMatchers.csproj", "{9B1D4AB8-CF1C-4821-B713-57A16E34EE06}"
EndProject
Project("{2150E333-8FDC-42A3-9474-1A3956D46DE8}") = "functions", "functions", "{6354F69A-DDC4-4731-BD7B-5275D0789565}"
EndProject
Project("{FAE04EC0-301F-11D3-BF4B-00C04F79EFBC}") = "Cosmos.Extensions.Splitters", "src\Cosmos.Extensions.Splitters\Cosmos.Extensions.Splitters.csproj", "{DC521C6A-370E-4C14-8A44-0E315B19BFC7}"
EndProject
Project("{FAE04EC0-301F-11D3-BF4B-00C04F79EFBC}") = "Cosmos.Extensions.Text", "src\Cosmos.Extensions.Text\Cosmos.Extensions.Text.csproj", "{A739AED2-444C-4955-BDA0-BD3906778738}"
EndProject
Project("{FAE04EC0-301F-11D3-BF4B-00C04F79EFBC}") = "Cosmos.Extensions.IdUtils", "src\Cosmos.Extensions.IdUtils\Cosmos.Extensions.IdUtils.csproj", "{97648E0D-66C8-4DDB-9912-253A13D8F48C}"
EndProject
Project("{FAE04EC0-301F-11D3-BF4B-00C04F79EFBC}") = "Cosmos.Extensions.Validations", "src\Cosmos.Extensions.Validations\Cosmos.Extensions.Validations.csproj", "{90C17ECE-3290-4F1E-89CE-DB4C3121F8D6}"
EndProject
Global
	GlobalSection(SolutionConfigurationPlatforms) = preSolution
		Debug|Any CPU = Debug|Any CPU
		Release|Any CPU = Release|Any CPU
	EndGlobalSection
	GlobalSection(NestedProjects) = preSolution
		{E81D6DD2-6E9A-465D-B226-6A81875BE43B} = {5ABECF80-731C-4D4B-B7B2-47C5AAA9D2E1}
		{A539D4BF-AE4C-407F-B9FA-0271F6CCF0A4} = {5ABECF80-731C-4D4B-B7B2-47C5AAA9D2E1}
		{69F3664A-B67D-4B3F-9B2A-B7FCEDF52FEE} = {662E6957-33CA-4FFA-80D3-A6A1D16D3E3F}
		{AC50EAE3-3A70-4EBD-8254-7AAD95522DCF} = {088246B9-1B92-479C-8279-AF2F04EFA365}
		{6354F69A-DDC4-4731-BD7B-5275D0789565} = {662E6957-33CA-4FFA-80D3-A6A1D16D3E3F}
		{9B1D4AB8-CF1C-4821-B713-57A16E34EE06} = {6354F69A-DDC4-4731-BD7B-5275D0789565}
		{E3F90AB8-3B87-42AE-815A-2F468601345B} = {6354F69A-DDC4-4731-BD7B-5275D0789565}
		{DC521C6A-370E-4C14-8A44-0E315B19BFC7} = {6354F69A-DDC4-4731-BD7B-5275D0789565}
		{A739AED2-444C-4955-BDA0-BD3906778738} = {6354F69A-DDC4-4731-BD7B-5275D0789565}
		{97648E0D-66C8-4DDB-9912-253A13D8F48C} = {6354F69A-DDC4-4731-BD7B-5275D0789565}
		{90C17ECE-3290-4F1E-89CE-DB4C3121F8D6} = {6354F69A-DDC4-4731-BD7B-5275D0789565}
	EndGlobalSection
	GlobalSection(ProjectConfigurationPlatforms) = postSolution
		{69F3664A-B67D-4B3F-9B2A-B7FCEDF52FEE}.Debug|Any CPU.ActiveCfg = Debug|Any CPU
		{69F3664A-B67D-4B3F-9B2A-B7FCEDF52FEE}.Debug|Any CPU.Build.0 = Debug|Any CPU
		{69F3664A-B67D-4B3F-9B2A-B7FCEDF52FEE}.Release|Any CPU.ActiveCfg = Release|Any CPU
		{69F3664A-B67D-4B3F-9B2A-B7FCEDF52FEE}.Release|Any CPU.Build.0 = Release|Any CPU
		{AC50EAE3-3A70-4EBD-8254-7AAD95522DCF}.Debug|Any CPU.ActiveCfg = Debug|Any CPU
		{AC50EAE3-3A70-4EBD-8254-7AAD95522DCF}.Debug|Any CPU.Build.0 = Debug|Any CPU
		{AC50EAE3-3A70-4EBD-8254-7AAD95522DCF}.Release|Any CPU.ActiveCfg = Release|Any CPU
		{AC50EAE3-3A70-4EBD-8254-7AAD95522DCF}.Release|Any CPU.Build.0 = Release|Any CPU
		{E3F90AB8-3B87-42AE-815A-2F468601345B}.Debug|Any CPU.ActiveCfg = Debug|Any CPU
		{E3F90AB8-3B87-42AE-815A-2F468601345B}.Debug|Any CPU.Build.0 = Debug|Any CPU
		{E3F90AB8-3B87-42AE-815A-2F468601345B}.Release|Any CPU.ActiveCfg = Release|Any CPU
		{E3F90AB8-3B87-42AE-815A-2F468601345B}.Release|Any CPU.Build.0 = Release|Any CPU
		{9B1D4AB8-CF1C-4821-B713-57A16E34EE06}.Debug|Any CPU.ActiveCfg = Debug|Any CPU
		{9B1D4AB8-CF1C-4821-B713-57A16E34EE06}.Debug|Any CPU.Build.0 = Debug|Any CPU
		{9B1D4AB8-CF1C-4821-B713-57A16E34EE06}.Release|Any CPU.ActiveCfg = Release|Any CPU
		{9B1D4AB8-CF1C-4821-B713-57A16E34EE06}.Release|Any CPU.Build.0 = Release|Any CPU
		{DC521C6A-370E-4C14-8A44-0E315B19BFC7}.Debug|Any CPU.ActiveCfg = Debug|Any CPU
		{DC521C6A-370E-4C14-8A44-0E315B19BFC7}.Debug|Any CPU.Build.0 = Debug|Any CPU
		{DC521C6A-370E-4C14-8A44-0E315B19BFC7}.Release|Any CPU.ActiveCfg = Release|Any CPU
		{DC521C6A-370E-4C14-8A44-0E315B19BFC7}.Release|Any CPU.Build.0 = Release|Any CPU
		{A739AED2-444C-4955-BDA0-BD3906778738}.Debug|Any CPU.ActiveCfg = Debug|Any CPU
		{A739AED2-444C-4955-BDA0-BD3906778738}.Debug|Any CPU.Build.0 = Debug|Any CPU
		{A739AED2-444C-4955-BDA0-BD3906778738}.Release|Any CPU.ActiveCfg = Release|Any CPU
		{A739AED2-444C-4955-BDA0-BD3906778738}.Release|Any CPU.Build.0 = Release|Any CPU
		{97648E0D-66C8-4DDB-9912-253A13D8F48C}.Debug|Any CPU.ActiveCfg = Debug|Any CPU
		{97648E0D-66C8-4DDB-9912-253A13D8F48C}.Debug|Any CPU.Build.0 = Debug|Any CPU
		{97648E0D-66C8-4DDB-9912-253A13D8F48C}.Release|Any CPU.ActiveCfg = Release|Any CPU
		{97648E0D-66C8-4DDB-9912-253A13D8F48C}.Release|Any CPU.Build.0 = Release|Any CPU
		{90C17ECE-3290-4F1E-89CE-DB4C3121F8D6}.Debug|Any CPU.ActiveCfg = Debug|Any CPU
		{90C17ECE-3290-4F1E-89CE-DB4C3121F8D6}.Debug|Any CPU.Build.0 = Debug|Any CPU
		{90C17ECE-3290-4F1E-89CE-DB4C3121F8D6}.Release|Any CPU.ActiveCfg = Release|Any CPU
		{90C17ECE-3290-4F1E-89CE-DB4C3121F8D6}.Release|Any CPU.Build.0 = Release|Any CPU
	EndGlobalSection
EndGlobal
